
Microsoft Visual Studio Solution File, Format Version 12.00
# Visual Studio 14
VisualStudioVersion = 14.0.25420.1
MinimumVisualStudioVersion = 10.0.40219.1
Project("{2150E333-8FDC-42A3-9474-1A3956D46DE8}") = "Solution Items", "Solution Items", "{743DCCB0-18B1-45C4-AFEB-EB117494418A}"
	ProjectSection(SolutionItems) = preProject
		global.json = global.json
	EndProjectSection
EndProject
Project("{8BB2217D-0F2D-49D1-97BC-3654ED321F3B}") = "CodeRunner.Model", "src\CodeRunner\CodeRunner.Model\CodeRunner.Model.xproj", "{0DD9CBE6-7D0A-4E0C-B177-2F689590F674}"
EndProject
Project("{2150E333-8FDC-42A3-9474-1A3956D46DE8}") = "CodeRunner", "CodeRunner", "{D31D9214-03C7-44E4-A739-0C33559B1FAC}"
EndProject
Project("{2150E333-8FDC-42A3-9474-1A3956D46DE8}") = "src", "src", "{88B3AABB-BCE5-4D2D-8AAB-AE50C571CE28}"
EndProject
Project("{2150E333-8FDC-42A3-9474-1A3956D46DE8}") = "test", "test", "{D251C224-2E53-43C4-9F79-F5A1D04EE10B}"
EndProject
Project("{2150E333-8FDC-42A3-9474-1A3956D46DE8}") = "Common", "Common", "{C8E98111-8C18-49D2-B567-C613A703A5AF}"
EndProject
Project("{2150E333-8FDC-42A3-9474-1A3956D46DE8}") = "Common", "Common", "{B470776B-0B85-4C00-9816-4FF904113452}"
EndProject
Project("{8BB2217D-0F2D-49D1-97BC-3654ED321F3B}") = "CodeRunner.Service.Interfaces", "src\CodeRunner\CodeRunner.Service.Interfaces\CodeRunner.Service.Interfaces.xproj", "{8B570E71-7E20-4A29-BE9C-F72C6D52F857}"
EndProject
Project("{8BB2217D-0F2D-49D1-97BC-3654ED321F3B}") = "CodeRunner.Service", "src\CodeRunner\CodeRunner.Service\CodeRunner.Service.xproj", "{13B5638F-64A4-47A2-AA16-3479CF9BA86D}"
EndProject
Project("{8BB2217D-0F2D-49D1-97BC-3654ED321F3B}") = "Common.Service", "src\Common\Common.Service\Common.Service.xproj", "{4D0115CA-904E-4611-8B25-982CFCF9D943}"
EndProject
Project("{2150E333-8FDC-42A3-9474-1A3956D46DE8}") = "CSClassroom", "CSClassroom", "{72DE9004-5769-4200-B2ED-21F0916A84DE}"
EndProject
Project("{8BB2217D-0F2D-49D1-97BC-3654ED321F3B}") = "CSClassroom.WebApp", "src\CSClassroom\CSClassroom.WebApp\CSClassroom.WebApp.xproj", "{1D72EF76-F25F-489E-8AE0-E53FC2915D3C}"
EndProject
Project("{8BB2217D-0F2D-49D1-97BC-3654ED321F3B}") = "Common.Service.Interfaces", "src\Common\Common.Service.Interfaces\Common.Service.Interfaces.xproj", "{8FDB276F-3E31-4035-A701-F58EB5D980FA}"
EndProject
Project("{8BB2217D-0F2D-49D1-97BC-3654ED321F3B}") = "CSClassroom.Model", "src\CSClassroom\CSClassroom.Model\CSClassroom.Model.xproj", "{11363505-D6FC-45A2-AC3D-16AECB644015}"
EndProject
Project("{8BB2217D-0F2D-49D1-97BC-3654ED321F3B}") = "CSClassroom.Service", "src\CSClassroom\CSClassroom.Service\CSClassroom.Service.xproj", "{CCA7028F-F139-46C4-BC32-7C2B26ECB459}"
EndProject
Project("{8BB2217D-0F2D-49D1-97BC-3654ED321F3B}") = "CSClassroom.Service.Interfaces", "src\CSClassroom\CSClassroom.Service.Interfaces\CSClassroom.Service.Interfaces.xproj", "{BA6802AE-0EB6-4534-8E2D-8AAFE649BA3F}"
EndProject
Global
	GlobalSection(SolutionConfigurationPlatforms) = preSolution
		Debug|Any CPU = Debug|Any CPU
		Release|Any CPU = Release|Any CPU
	EndGlobalSection
	GlobalSection(ProjectConfigurationPlatforms) = postSolution
		{0DD9CBE6-7D0A-4E0C-B177-2F689590F674}.Debug|Any CPU.ActiveCfg = Debug|Any CPU
		{0DD9CBE6-7D0A-4E0C-B177-2F689590F674}.Debug|Any CPU.Build.0 = Debug|Any CPU
		{0DD9CBE6-7D0A-4E0C-B177-2F689590F674}.Release|Any CPU.ActiveCfg = Release|Any CPU
		{0DD9CBE6-7D0A-4E0C-B177-2F689590F674}.Release|Any CPU.Build.0 = Release|Any CPU
		{8B570E71-7E20-4A29-BE9C-F72C6D52F857}.Debug|Any CPU.ActiveCfg = Debug|Any CPU
		{8B570E71-7E20-4A29-BE9C-F72C6D52F857}.Debug|Any CPU.Build.0 = Debug|Any CPU
		{8B570E71-7E20-4A29-BE9C-F72C6D52F857}.Release|Any CPU.ActiveCfg = Release|Any CPU
		{8B570E71-7E20-4A29-BE9C-F72C6D52F857}.Release|Any CPU.Build.0 = Release|Any CPU
		{13B5638F-64A4-47A2-AA16-3479CF9BA86D}.Debug|Any CPU.ActiveCfg = Debug|Any CPU
		{13B5638F-64A4-47A2-AA16-3479CF9BA86D}.Debug|Any CPU.Build.0 = Debug|Any CPU
		{13B5638F-64A4-47A2-AA16-3479CF9BA86D}.Release|Any CPU.ActiveCfg = Release|Any CPU
		{13B5638F-64A4-47A2-AA16-3479CF9BA86D}.Release|Any CPU.Build.0 = Release|Any CPU
		{4D0115CA-904E-4611-8B25-982CFCF9D943}.Debug|Any CPU.ActiveCfg = Debug|Any CPU
		{4D0115CA-904E-4611-8B25-982CFCF9D943}.Debug|Any CPU.Build.0 = Debug|Any CPU
		{4D0115CA-904E-4611-8B25-982CFCF9D943}.Release|Any CPU.ActiveCfg = Release|Any CPU
		{4D0115CA-904E-4611-8B25-982CFCF9D943}.Release|Any CPU.Build.0 = Release|Any CPU
		{1D72EF76-F25F-489E-8AE0-E53FC2915D3C}.Debug|Any CPU.ActiveCfg = Debug|Any CPU
		{1D72EF76-F25F-489E-8AE0-E53FC2915D3C}.Debug|Any CPU.Build.0 = Debug|Any CPU
		{1D72EF76-F25F-489E-8AE0-E53FC2915D3C}.Release|Any CPU.ActiveCfg = Release|Any CPU
		{1D72EF76-F25F-489E-8AE0-E53FC2915D3C}.Release|Any CPU.Build.0 = Release|Any CPU
		{8FDB276F-3E31-4035-A701-F58EB5D980FA}.Debug|Any CPU.ActiveCfg = Debug|Any CPU
		{8FDB276F-3E31-4035-A701-F58EB5D980FA}.Debug|Any CPU.Build.0 = Debug|Any CPU
		{8FDB276F-3E31-4035-A701-F58EB5D980FA}.Release|Any CPU.ActiveCfg = Release|Any CPU
		{8FDB276F-3E31-4035-A701-F58EB5D980FA}.Release|Any CPU.Build.0 = Release|Any CPU
		{11363505-D6FC-45A2-AC3D-16AECB644015}.Debug|Any CPU.ActiveCfg = Debug|Any CPU
		{11363505-D6FC-45A2-AC3D-16AECB644015}.Debug|Any CPU.Build.0 = Debug|Any CPU
		{11363505-D6FC-45A2-AC3D-16AECB644015}.Release|Any CPU.ActiveCfg = Release|Any CPU
		{11363505-D6FC-45A2-AC3D-16AECB644015}.Release|Any CPU.Build.0 = Release|Any CPU
		{CCA7028F-F139-46C4-BC32-7C2B26ECB459}.Debug|Any CPU.ActiveCfg = Debug|Any CPU
		{CCA7028F-F139-46C4-BC32-7C2B26ECB459}.Debug|Any CPU.Build.0 = Debug|Any CPU
		{CCA7028F-F139-46C4-BC32-7C2B26ECB459}.Release|Any CPU.ActiveCfg = Release|Any CPU
		{CCA7028F-F139-46C4-BC32-7C2B26ECB459}.Release|Any CPU.Build.0 = Release|Any CPU
		{BA6802AE-0EB6-4534-8E2D-8AAFE649BA3F}.Debug|Any CPU.ActiveCfg = Debug|Any CPU
		{BA6802AE-0EB6-4534-8E2D-8AAFE649BA3F}.Debug|Any CPU.Build.0 = Debug|Any CPU
		{BA6802AE-0EB6-4534-8E2D-8AAFE649BA3F}.Release|Any CPU.ActiveCfg = Release|Any CPU
		{BA6802AE-0EB6-4534-8E2D-8AAFE649BA3F}.Release|Any CPU.Build.0 = Release|Any CPU
	EndGlobalSection
	GlobalSection(SolutionProperties) = preSolution
		HideSolutionNode = FALSE
	EndGlobalSection
	GlobalSection(NestedProjects) = preSolution
		{0DD9CBE6-7D0A-4E0C-B177-2F689590F674} = {D31D9214-03C7-44E4-A739-0C33559B1FAC}
		{D31D9214-03C7-44E4-A739-0C33559B1FAC} = {88B3AABB-BCE5-4D2D-8AAB-AE50C571CE28}
		{C8E98111-8C18-49D2-B567-C613A703A5AF} = {D251C224-2E53-43C4-9F79-F5A1D04EE10B}
		{B470776B-0B85-4C00-9816-4FF904113452} = {88B3AABB-BCE5-4D2D-8AAB-AE50C571CE28}
		{8B570E71-7E20-4A29-BE9C-F72C6D52F857} = {D31D9214-03C7-44E4-A739-0C33559B1FAC}
		{13B5638F-64A4-47A2-AA16-3479CF9BA86D} = {D31D9214-03C7-44E4-A739-0C33559B1FAC}
		{4D0115CA-904E-4611-8B25-982CFCF9D943} = {B470776B-0B85-4C00-9816-4FF904113452}
		{72DE9004-5769-4200-B2ED-21F0916A84DE} = {88B3AABB-BCE5-4D2D-8AAB-AE50C571CE28}
		{1D72EF76-F25F-489E-8AE0-E53FC2915D3C} = {72DE9004-5769-4200-B2ED-21F0916A84DE}
		{8FDB276F-3E31-4035-A701-F58EB5D980FA} = {B470776B-0B85-4C00-9816-4FF904113452}
		{11363505-D6FC-45A2-AC3D-16AECB644015} = {72DE9004-5769-4200-B2ED-21F0916A84DE}
		{CCA7028F-F139-46C4-BC32-7C2B26ECB459} = {72DE9004-5769-4200-B2ED-21F0916A84DE}
		{BA6802AE-0EB6-4534-8E2D-8AAFE649BA3F} = {72DE9004-5769-4200-B2ED-21F0916A84DE}
	EndGlobalSection
EndGlobal
